
Microsoft Visual Studio Solution File, Format Version 12.00
# Visual Studio Version 16
VisualStudioVersion = 16.0.29709.97
MinimumVisualStudioVersion = 10.0.40219.1
Project("{9A19103F-16F7-4668-BE54-9A1E7A4F7556}") = "NGDev.UI", "NGDev.UI\NGDev.UI.csproj", "{FD4BE931-D3BC-4D45-B6A2-75B9377F6521}"
EndProject
Project("{9A19103F-16F7-4668-BE54-9A1E7A4F7556}") = "NGDev.Core", "NGDev.Core\NGDev.Core.csproj", "{1779E2B6-4471-4D21-99EF-7B799ED88036}"
EndProject
Project("{9A19103F-16F7-4668-BE54-9A1E7A4F7556}") = "NGDev.Application", "NGDev.Application\NGDev.Application.csproj", "{952B9954-69E9-40A7-A0F6-081AD78654DD}"
EndProject
Project("{9A19103F-16F7-4668-BE54-9A1E7A4F7556}") = "NGDev.Persistence", "NGDev.Persistence\NGDev.Persistence.csproj", "{BC032B65-E23B-4058-A0BD-C9829547356D}"
EndProject
Project("{2150E333-8FDC-42A3-9474-1A3956D46DE8}") = "Solution Items", "Solution Items", "{B98D8B29-CD36-4BD9-B79B-18E8774D7A10}"
	ProjectSection(SolutionItems) = preProject
		README.txt = README.txt
	EndProjectSection
EndProject
Global
	GlobalSection(SolutionConfigurationPlatforms) = preSolution
		Debug|Any CPU = Debug|Any CPU
		Release|Any CPU = Release|Any CPU
	EndGlobalSection
	GlobalSection(ProjectConfigurationPlatforms) = postSolution
		{FD4BE931-D3BC-4D45-B6A2-75B9377F6521}.Debug|Any CPU.ActiveCfg = Debug|Any CPU
		{FD4BE931-D3BC-4D45-B6A2-75B9377F6521}.Debug|Any CPU.Build.0 = Debug|Any CPU
		{FD4BE931-D3BC-4D45-B6A2-75B9377F6521}.Release|Any CPU.ActiveCfg = Release|Any CPU
		{FD4BE931-D3BC-4D45-B6A2-75B9377F6521}.Release|Any CPU.Build.0 = Release|Any CPU
		{1779E2B6-4471-4D21-99EF-7B799ED88036}.Debug|Any CPU.ActiveCfg = Debug|Any CPU
		{1779E2B6-4471-4D21-99EF-7B799ED88036}.Debug|Any CPU.Build.0 = Debug|Any CPU
		{1779E2B6-4471-4D21-99EF-7B799ED88036}.Release|Any CPU.ActiveCfg = Release|Any CPU
		{1779E2B6-4471-4D21-99EF-7B799ED88036}.Release|Any CPU.Build.0 = Release|Any CPU
		{952B9954-69E9-40A7-A0F6-081AD78654DD}.Debug|Any CPU.ActiveCfg = Debug|Any CPU
		{952B9954-69E9-40A7-A0F6-081AD78654DD}.Debug|Any CPU.Build.0 = Debug|Any CPU
		{952B9954-69E9-40A7-A0F6-081AD78654DD}.Release|Any CPU.ActiveCfg = Release|Any CPU
		{952B9954-69E9-40A7-A0F6-081AD78654DD}.Release|Any CPU.Build.0 = Release|Any CPU
		{BC032B65-E23B-4058-A0BD-C9829547356D}.Debug|Any CPU.ActiveCfg = Debug|Any CPU
		{BC032B65-E23B-4058-A0BD-C9829547356D}.Debug|Any CPU.Build.0 = Debug|Any CPU
		{BC032B65-E23B-4058-A0BD-C9829547356D}.Release|Any CPU.ActiveCfg = Release|Any CPU
		{BC032B65-E23B-4058-A0BD-C9829547356D}.Release|Any CPU.Build.0 = Release|Any CPU
	EndGlobalSection
	GlobalSection(SolutionProperties) = preSolution
		HideSolutionNode = FALSE
	EndGlobalSection
	GlobalSection(ExtensibilityGlobals) = postSolution
		SolutionGuid = {E1852B83-5031-4E83-89F4-241676333F75}
	EndGlobalSection
EndGlobal
